
Microsoft Visual Studio Solution File, Format Version 12.00
# Visual Studio 15
VisualStudioVersion = 15.0.28307.329
MinimumVisualStudioVersion = 10.0.40219.1
Project("{8BC9CEB8-8B4A-11D0-8D11-00A0C91BC942}") = "OpenGL_3D_2019", "OpenGL_3D_2019.vcxproj", "{9D1F45AE-DBE7-4472-B67D-3B5FDCFBF6CA}"
EndProject
Global
	GlobalSection(SolutionConfigurationPlatforms) = preSolution
		Debug|x64 = Debug|x64
		Debug|x86 = Debug|x86
		Release|x64 = Release|x64
		Release|x86 = Release|x86
	EndGlobalSection
	GlobalSection(ProjectConfigurationPlatforms) = postSolution
		{9D1F45AE-DBE7-4472-B67D-3B5FDCFBF6CA}.Debug|x64.ActiveCfg = Debug|x64
		{9D1F45AE-DBE7-4472-B67D-3B5FDCFBF6CA}.Debug|x64.Build.0 = Debug|x64
		{9D1F45AE-DBE7-4472-B67D-3B5FDCFBF6CA}.Debug|x86.ActiveCfg = Debug|Win32
		{9D1F45AE-DBE7-4472-B67D-3B5FDCFBF6CA}.Debug|x86.Build.0 = Debug|Win32
		{9D1F45AE-DBE7-4472-B67D-3B5FDCFBF6CA}.Release|x64.ActiveCfg = Release|x64
		{9D1F45AE-DBE7-4472-B67D-3B5FDCFBF6CA}.Release|x64.Build.0 = Release|x64
		{9D1F45AE-DBE7-4472-B67D-3B5FDCFBF6CA}.Release|x86.ActiveCfg = Release|Win32
		{9D1F45AE-DBE7-4472-B67D-3B5FDCFBF6CA}.Release|x86.Build.0 = Release|Win32
	EndGlobalSection
	GlobalSection(SolutionProperties) = preSolution
		HideSolutionNode = FALSE
	EndGlobalSection
	GlobalSection(ExtensibilityGlobals) = postSolution
		SolutionGuid = {569A5587-BA55-4713-A9C1-18554ED12801}
	EndGlobalSection
EndGlobal
